
Microsoft Visual Studio Solution File, Format Version 12.00
# Visual Studio Version 16
VisualStudioVersion = 16.0.29215.179
MinimumVisualStudioVersion = 10.0.40219.1
Project("{FAE04EC0-301F-11D3-BF4B-00C04F79EFBC}") = "InitativeTracker", "InitativeTracker\InitativeTracker.csproj", "{BB84C18F-58E3-4A12-8453-A22F8FD2C437}"
EndProject
Global
	GlobalSection(SolutionConfigurationPlatforms) = preSolution
		Debug|Any CPU = Debug|Any CPU
		Release|Any CPU = Release|Any CPU
	EndGlobalSection
	GlobalSection(ProjectConfigurationPlatforms) = postSolution
		{BB84C18F-58E3-4A12-8453-A22F8FD2C437}.Debug|Any CPU.ActiveCfg = Debug|Any CPU
		{BB84C18F-58E3-4A12-8453-A22F8FD2C437}.Debug|Any CPU.Build.0 = Debug|Any CPU
		{BB84C18F-58E3-4A12-8453-A22F8FD2C437}.Release|Any CPU.ActiveCfg = Release|Any CPU
		{BB84C18F-58E3-4A12-8453-A22F8FD2C437}.Release|Any CPU.Build.0 = Release|Any CPU
	EndGlobalSection
	GlobalSection(SolutionProperties) = preSolution
		HideSolutionNode = FALSE
	EndGlobalSection
	GlobalSection(ExtensibilityGlobals) = postSolution
		SolutionGuid = {AF3B738E-2A33-4A65-BBBD-EBB4A9509B91}
	EndGlobalSection
EndGlobal
